
Microsoft Visual Studio Solution File, Format Version 12.00
# Visual Studio Version 17
VisualStudioVersion = 17.7.34031.279
MinimumVisualStudioVersion = 10.0.40219.1
Project("{FAE04EC0-301F-11D3-BF4B-00C04F79EFBC}") = "EHR.Api", "EHR.Api\EHR.Api.csproj", "{5967C8E5-F996-4817-81AB-E80ECD2A4E55}"
EndProject
Project("{FAE04EC0-301F-11D3-BF4B-00C04F79EFBC}") = "EHR.Core", "EHR.Core\EHR.Core.csproj", "{893D9211-63DC-4CC8-BEDF-38D2E4FCE8A7}"
EndProject
Project("{FAE04EC0-301F-11D3-BF4B-00C04F79EFBC}") = "EFDbRepo", "EFDbRepo\EFDbRepo.csproj", "{4808C3C4-FC20-406F-B8F0-9D654401C3D5}"
EndProject
Global
	GlobalSection(SolutionConfigurationPlatforms) = preSolution
		Debug|Any CPU = Debug|Any CPU
		Release|Any CPU = Release|Any CPU
	EndGlobalSection
	GlobalSection(ProjectConfigurationPlatforms) = postSolution
		{5967C8E5-F996-4817-81AB-E80ECD2A4E55}.Debug|Any CPU.ActiveCfg = Debug|Any CPU
		{5967C8E5-F996-4817-81AB-E80ECD2A4E55}.Debug|Any CPU.Build.0 = Debug|Any CPU
		{5967C8E5-F996-4817-81AB-E80ECD2A4E55}.Release|Any CPU.ActiveCfg = Release|Any CPU
		{5967C8E5-F996-4817-81AB-E80ECD2A4E55}.Release|Any CPU.Build.0 = Release|Any CPU
		{893D9211-63DC-4CC8-BEDF-38D2E4FCE8A7}.Debug|Any CPU.ActiveCfg = Debug|Any CPU
		{893D9211-63DC-4CC8-BEDF-38D2E4FCE8A7}.Debug|Any CPU.Build.0 = Debug|Any CPU
		{893D9211-63DC-4CC8-BEDF-38D2E4FCE8A7}.Release|Any CPU.ActiveCfg = Release|Any CPU
		{893D9211-63DC-4CC8-BEDF-38D2E4FCE8A7}.Release|Any CPU.Build.0 = Release|Any CPU
		{4808C3C4-FC20-406F-B8F0-9D654401C3D5}.Debug|Any CPU.ActiveCfg = Debug|Any CPU
		{4808C3C4-FC20-406F-B8F0-9D654401C3D5}.Debug|Any CPU.Build.0 = Debug|Any CPU
		{4808C3C4-FC20-406F-B8F0-9D654401C3D5}.Release|Any CPU.ActiveCfg = Release|Any CPU
		{4808C3C4-FC20-406F-B8F0-9D654401C3D5}.Release|Any CPU.Build.0 = Release|Any CPU
	EndGlobalSection
	GlobalSection(SolutionProperties) = preSolution
		HideSolutionNode = FALSE
	EndGlobalSection
	GlobalSection(ExtensibilityGlobals) = postSolution
		SolutionGuid = {661B26B3-EA4A-4F55-A4FC-28BDCC764941}
	EndGlobalSection
EndGlobal
